PODS:
  - MJExtension (3.2.4)
  - TXIMSDK_iOS (5.1.21)
  - TXLiteAVSDK_TRTC (8.3.9878)

DEPENDENCIES:
  - MJExtension
  - TXIMSDK_iOS
  - TXLiteAVSDK_TRTC

SPEC REPOS:
  trunk:
    - MJExtension
    - TXIMSDK_iOS
    - TXLiteAVSDK_TRTC

SPEC CHECKSUMS:
  MJExtension: 88e0900751b6cac8de1cf724ca9838a0b28d5acb
  TXIMSDK_iOS: 7659d94e2f684bd132b12f565782c93ec2691fe1
  TXLiteAVSDK_TRTC: eb6357112a554b9b093ba45971afef8fc9c0308e

PODFILE CHECKSUM: 3b131552cd0499a61646471173287b639c40d0c2

COCOAPODS: 1.10.0
